// !$*UTF8*$!
{
	archiveVersion = 1;
	classes = {
	};
	objectVersion = 55;
	objects = {

/* Begin PBXBuildFile section */
		7981E54827CF1F1E00CA9D36 /* ElegantCalendarApp.swift in Sources */ = {isa = PBXBuildFile; fileRef = 7981E54727CF1F1E00CA9D36 /* ElegantCalendarApp.swift */; };
		7981E54A27CF1F1E00CA9D36 /* ContentView.swift in Sources */ = {isa = PBXBuildFile; fileRef = 7981E54927CF1F1E00CA9D36 /* ContentView.swift */; };
		7981E54C27CF1F1F00CA9D36 /* Assets.xcassets in Resources */ = {isa = PBXBuildFile; fileRef = 7981E54B27CF1F1F00CA9D36 /* Assets.xcassets */; };
		7981E54F27CF1F1F00CA9D36 /* Preview Assets.xcassets in Resources */ = {isa = PBXBuildFile; fileRef = 7981E54E27CF1F1F00CA9D36 /* Preview Assets.xcassets */; };
		7981E55C27CF243300CA9D36 /* HomeView.swift in Sources */ = {isa = PBXBuildFile; fileRef = 7981E55B27CF243300CA9D36 /* HomeView.swift */; };
		7981E55E27CF244C00CA9D36 /* CustomDatePicker.swift in Sources */ = {isa = PBXBuildFile; fileRef = 7981E55D27CF244C00CA9D36 /* CustomDatePicker.swift */; };
		7981E56027CF27B600CA9D36 /* DateValue.swift in Sources */ = {isa = PBXBuildFile; fileRef = 7981E55F27CF27B600CA9D36 /* DateValue.swift */; };
		7981E56227CF308700CA9D36 /* TaskModel.swift in Sources */ = {isa = PBXBuildFile; fileRef = 7981E56127CF308700CA9D36 /* TaskModel.swift */; };
/* End PBXBuildFile section */

/* Begin PBXFileReference section */
		7981E54427CF1F1E00CA9D36 /* ElegantCalendar.app */ = {isa = PBXFileReference; explicitFileType = wrapper.application; includeInIndex = 0; path = ElegantCalendar.app; sourceTree = BUILT_PRODUCTS_DIR; };
		7981E54727CF1F1E00CA9D36 /* ElegantCalendarApp.swift */ = {isa = PBXFileReference; lastKnownFileType = sourcecode.swift; path = ElegantCalendarApp.swift; sourceTree = "<group>"; };
		7981E54927CF1F1E00CA9D36 /* ContentView.swift */ = {isa = PBXFileReference; lastKnownFileType = sourcecode.swift; path = ContentView.swift; sourceTree = "<group>"; };
		7981E54B27CF1F1F00CA9D36 /* Assets.xcassets */ = {isa = PBXFileReference; lastKnownFileType = folder.assetcatalog; path = Assets.xcassets; sourceTree = "<group>"; };
		7981E54E27CF1F1F00CA9D36 /* Preview Assets.xcassets */ = {isa = PBXFileReference; lastKnownFileType = folder.assetcatalog; path = "Preview Assets.xcassets"; sourceTree = "<group>"; };
		7981E55B27CF243300CA9D36 /* HomeView.swift */ = {isa = PBXFileReference; lastKnownFileType = sourcecode.swift; path = HomeView.swift; sourceTree = "<group>"; };
		7981E55D27CF244C00CA9D36 /* CustomDatePicker.swift */ = {isa = PBXFileReference; lastKnownFileType = sourcecode.swift; path = CustomDatePicker.swift; sourceTree = "<group>"; };
		7981E55F27CF27B600CA9D36 /* DateValue.swift */ = {isa = PBXFileReference; lastKnownFileType = sourcecode.swift; path = DateValue.swift; sourceTree = "<group>"; };
		7981E56127CF308700CA9D36 /* TaskModel.swift */ = {isa = PBXFileReference; lastKnownFileType = sourcecode.swift; path = TaskModel.swift; sourceTree = "<group>"; };
/* End PBXFileReference section */

/* Begin PBXFrameworksBuildPhase section */
		7981E54127CF1F1E00CA9D36 /* Frameworks */ = {
			isa = PBXFrameworksBuildPhase;
			buildActionMask = 2147483647;
			files = (
			);
			runOnlyForDeploymentPostprocessing = 0;
		};
/* End PBXFrameworksBuildPhase section */

/* Begin PBXGroup section */
		7981E53B27CF1F1E00CA9D36 = {
			isa = PBXGroup;
			children = (
				7981E54627CF1F1E00CA9D36 /* ElegantCalendar */,
				7981E54527CF1F1E00CA9D36 /* Products */,
			);
			sourceTree = "<group>";
		};
		7981E54527CF1F1E00CA9D36 /* Products */ = {
			isa = PBXGroup;
			children = (
				7981E54427CF1F1E00CA9D36 /* ElegantCalendar.app */,
			);
			name = Products;
			sourceTree = "<group>";
		};
		7981E54627CF1F1E00CA9D36 /* ElegantCalendar */ = {
			isa = PBXGroup;
			children = (
				7981E55627CF1F6200CA9D36 /* View */,
				7981E55527CF1F5C00CA9D36 /* Model */,
				7981E54727CF1F1E00CA9D36 /* ElegantCalendarApp.swift */,
				7981E54B27CF1F1F00CA9D36 /* Assets.xcassets */,
				7981E54D27CF1F1F00CA9D36 /* Preview Content */,
			);
			path = ElegantCalendar;
			sourceTree = "<group>";
		};
		7981E54D27CF1F1F00CA9D36 /* Preview Content */ = {
			isa = PBXGroup;
			children = (
				7981E54E27CF1F1F00CA9D36 /* Preview Assets.xcassets */,
			);
			path = "Preview Content";
			sourceTree = "<group>";
		};
		7981E55527CF1F5C00CA9D36 /* Model */ = {
			isa = PBXGroup;
			children = (
				7981E55D27CF244C00CA9D36 /* CustomDatePicker.swift */,
				7981E55F27CF27B600CA9D36 /* DateValue.swift */,
				7981E56127CF308700CA9D36 /* TaskModel.swift */,
			);
			path = Model;
			sourceTree = "<group>";
		};
		7981E55627CF1F6200CA9D36 /* View */ = {
			isa = PBXGroup;
			children = (
				7981E54927CF1F1E00CA9D36 /* ContentView.swift */,
				7981E55B27CF243300CA9D36 /* HomeView.swift */,
			);
			path = View;
			sourceTree = "<group>";
		};
/* End PBXGroup section */

/* Begin PBXNativeTarget section */
		7981E54327CF1F1E00CA9D36 /* ElegantCalendar */ = {
			isa = PBXNativeTarget;
			buildConfigurationList = 7981E55227CF1F1F00CA9D36 /* Build configuration list for PBXNativeTarget "ElegantCalendar" */;
			buildPhases = (
				7981E54027CF1F1E00CA9D36 /* Sources */,
				7981E54127CF1F1E00CA9D36 /* Frameworks */,
				7981E54227CF1F1E00CA9D36 /* Resources */,
			);
			buildRules = (
			);
			dependencies = (
			);
			name = ElegantCalendar;
			productName = ElegantCalendar;
			productReference = 7981E54427CF1F1E00CA9D36 /* ElegantCalendar.app */;
			productType = "com.apple.product-type.application";
		};
/* End PBXNativeTarget section */

/* Begin PBXProject section */
		7981E53C27CF1F1E00CA9D36 /* Project object */ = {
			isa = PBXProject;
			attributes = {
				BuildIndependentTargetsInParallel = 1;
				LastSwiftUpdateCheck = 1330;
				LastUpgradeCheck = 1330;
				TargetAttributes = {
					7981E54327CF1F1E00CA9D36 = {
						CreatedOnToolsVersion = 13.3;
					};
				};
			};
			buildConfigurationList = 7981E53F27CF1F1E00CA9D36 /* Build configuration list for PBXProject "ElegantCalendar" */;
			compatibilityVersion = "Xcode 13.0";
			developmentRegion = en;
			hasScannedForEncodings = 0;
			knownRegions = (
				en,
				Base,
			);
			mainGroup = 7981E53B27CF1F1E00CA9D36;
			productRefGroup = 7981E54527CF1F1E00CA9D36 /* Products */;
			projectDirPath = "";
			projectRoot = "";
			targets = (
				7981E54327CF1F1E00CA9D36 /* ElegantCalendar */,
			);
		};
/* End PBXProject section */

/* Begin PBXResourcesBuildPhase section */
		7981E54227CF1F1E00CA9D36 /* Resources */ = {
			isa = PBXResourcesBuildPhase;
			buildActionMask = 2147483647;
			files = (
				7981E54F27CF1F1F00CA9D36 /* Preview Assets.xcassets in Resources */,
				7981E54C27CF1F1F00CA9D36 /* Assets.xcassets in Resources */,
			);
			runOnlyForDeploymentPostprocessing = 0;
		};
/* End PBXResourcesBuildPhase section */

/* Begin PBXSourcesBuildPhase section */
		7981E54027CF1F1E00CA9D36 /* Sources */ = {
			isa = PBXSourcesBuildPhase;
			buildActionMask = 2147483647;
			files = (
				7981E56227CF308700CA9D36 /* TaskModel.swift in Sources */,
				7981E55E27CF244C00CA9D36 /* CustomDatePicker.swift in Sources */,
				7981E55C27CF243300CA9D36 /* HomeView.swift in Sources */,
				7981E54A27CF1F1E00CA9D36 /* ContentView.swift in Sources */,
				7981E54827CF1F1E00CA9D36 /* ElegantCalendarApp.swift in Sources */,
				7981E56027CF27B600CA9D36 /* DateValue.swift in Sources */,
			);
			runOnlyForDeploymentPostprocessing = 0;
		};
/* End PBXSourcesBuildPhase section */

/* Begin XCBuildConfiguration section */
		7981E55027CF1F1F00CA9D36 /* Debug */ = {
			isa = XCBuildConfiguration;
			buildSettings = {
				ALWAYS_SEARCH_USER_PATHS = NO;
				CLANG_ANALYZER_NONNULL = YES;
				CLANG_ANALYZER_NUMBER_OBJECT_CONVERSION = YES_AGGRESSIVE;
				CLANG_CXX_LANGUAGE_STANDARD = "gnu++17";
				CLANG_ENABLE_MODULES = YES;
				CLANG_ENABLE_OBJC_ARC = YES;
				CLANG_ENABLE_OBJC_WEAK = YES;
				CLANG_WARN_BLOCK_CAPTURE_AUTORELEASING = YES;
				CLANG_WARN_BOOL_CONVERSION = YES;
				CLANG_WARN_COMMA = YES;
				CLANG_WARN_CONSTANT_CONVERSION = YES;
				CLANG_WARN_DEPRECATED_OBJC_IMPLEMENTATIONS = YES;
				CLANG_WARN_DIRECT_OBJC_ISA_USAGE = YES_ERROR;
				CLANG_WARN_DOCUMENTATION_COMMENTS = YES;
				CLANG_WARN_EMPTY_BODY = YES;
				CLANG_WARN_ENUM_CONVERSION = YES;
				CLANG_WARN_INFINITE_RECURSION = YES;
				CLANG_WARN_INT_CONVERSION = YES;
				CLANG_WARN_NON_LITERAL_NULL_CONVERSION = YES;
				CLANG_WARN_OBJC_IMPLICIT_RETAIN_SELF = YES;
				CLANG_WARN_OBJC_LITERAL_CONVERSION = YES;
				CLANG_WARN_OBJC_ROOT_CLASS = YES_ERROR;
				CLANG_WARN_QUOTED_INCLUDE_IN_FRAMEWORK_HEADER = YES;
				CLANG_WARN_RANGE_LOOP_ANALYSIS = YES;
				CLANG_WARN_STRICT_PROTOTYPES = YES;
				CLANG_WARN_SUSPICIOUS_MOVE = YES;
				CLANG_WARN_UNGUARDED_AVAILABILITY = YES_AGGRESSIVE;
				CLANG_WARN_UNREACHABLE_CODE = YES;
				CLANG_WARN__DUPLICATE_METHOD_MATCH = YES;
				COPY_PHASE_STRIP = NO;
				DEBUG_INFORMATION_FORMAT = dwarf;
				ENABLE_STRICT_OBJC_MSGSEND = YES;
				ENABLE_TESTABILITY = YES;
				GCC_C_LANGUAGE_STANDARD = gnu11;
				GCC_DYNAMIC_NO_PIC = NO;
				GCC_NO_COMMON_BLOCKS = YES;
				GCC_OPTIMIZATION_LEVEL = 0;
				GCC_PREPROCESSOR_DEFINITIONS = (
					"DEBUG=1",
					"$(inherited)",
				);
				GCC_WARN_64_TO_32_BIT_CONVERSION = YES;
				GCC_WARN_ABOUT_RETURN_TYPE = YES_ERROR;
				GCC_WARN_UNDECLARED_SELECTOR = YES;
				GCC_WARN_UNINITIALIZED_AUTOS = YES_AGGRESSIVE;
				GCC_WARN_UNUSED_FUNCTION = YES;
				GCC_WARN_UNUSED_VARIABLE = YES;
				IPHONEOS_DEPLOYMENT_TARGET = 15.4;
				MTL_ENABLE_DEBUG_INFO = INCLUDE_SOURCE;
				MTL_FAST_MATH = YES;
				ONLY_ACTIVE_ARCH = YES;
				SDKROOT = iphoneos;
				SWIFT_ACTIVE_COMPILATION_CONDITIONS = DEBUG;
				SWIFT_OPTIMIZATION_LEVEL = "-Onone";
			};
			name = Debug;
		};
		7981E55127CF1F1F00CA9D36 /* Release */ = {
			isa = XCBuildConfiguration;
			buildSettings = {
				ALWAYS_SEARCH_USER_PATHS = NO;
				CLANG_ANALYZER_NONNULL = YES;
				CLANG_ANALYZER_NUMBER_OBJECT_CONVERSION = YES_AGGRESSIVE;
				CLANG_CXX_LANGUAGE_STANDARD = "gnu++17";
				CLANG_ENABLE_MODULES = YES;
				CLANG_ENABLE_OBJC_ARC = YES;
				CLANG_ENABLE_OBJC_WEAK = YES;
				CLANG_WARN_BLOCK_CAPTURE_AUTORELEASING = YES;
				CLANG_WARN_BOOL_CONVERSION = YES;
				CLANG_WARN_COMMA = YES;
				CLANG_WARN_CONSTANT_CONVERSION = YES;
				CLANG_WARN_DEPRECATED_OBJC_IMPLEMENTATIONS = YES;
				CLANG_WARN_DIRECT_OBJC_ISA_USAGE = YES_ERROR;
				CLANG_WARN_DOCUMENTATION_COMMENTS = YES;
				CLANG_WARN_EMPTY_BODY = YES;
				CLANG_WARN_ENUM_CONVERSION = YES;
				CLANG_WARN_INFINITE_RECURSION = YES;
				CLANG_WARN_INT_CONVERSION = YES;
				CLANG_WARN_NON_LITERAL_NULL_CONVERSION = YES;
				CLANG_WARN_OBJC_IMPLICIT_RETAIN_SELF = YES;
				CLANG_WARN_OBJC_LITERAL_CONVERSION = YES;
				CLANG_WARN_OBJC_ROOT_CLASS = YES_ERROR;
				CLANG_WARN_QUOTED_INCLUDE_IN_FRAMEWORK_HEADER = YES;
				CLANG_WARN_RANGE_LOOP_ANALYSIS = YES;
				CLANG_WARN_STRICT_PROTOTYPES = YES;
				CLANG_WARN_SUSPICIOUS_MOVE = YES;
				CLANG_WARN_UNGUARDED_AVAILABILITY = YES_AGGRESSIVE;
				CLANG_WARN_UNREACHABLE_CODE = YES;
				CLANG_WARN__DUPLICATE_METHOD_MATCH = YES;
				COPY_PHASE_STRIP = NO;
				DEBUG_INFORMATION_FORMAT = "dwarf-with-dsym";
				ENABLE_NS_ASSERTIONS = NO;
				ENABLE_STRICT_OBJC_MSGSEND = YES;
				GCC_C_LANGUAGE_STANDARD = gnu11;
				GCC_NO_COMMON_BLOCKS = YES;
				GCC_WARN_64_TO_32_BIT_CONVERSION = YES;
				GCC_WARN_ABOUT_RETURN_TYPE = YES_ERROR;
				GCC_WARN_UNDECLARED_SELECTOR = YES;
				GCC_WARN_UNINITIALIZED_AUTOS = YES_AGGRESSIVE;
				GCC_WARN_UNUSED_FUNCTION = YES;
				GCC_WARN_UNUSED_VARIABLE = YES;
				IPHONEOS_DEPLOYMENT_TARGET = 15.4;
				MTL_ENABLE_DEBUG_INFO = NO;
				MTL_FAST_MATH = YES;
				SDKROOT = iphoneos;
				SWIFT_COMPILATION_MODE = wholemodule;
				SWIFT_OPTIMIZATION_LEVEL = "-O";
				VALIDATE_PRODUCT = YES;
			};
			name = Release;
		};
		7981E55327CF1F1F00CA9D36 /* Debug */ = {
			isa = XCBuildConfiguration;
			buildSettings = {
				ASSETCATALOG_COMPILER_APPICON_NAME = AppIcon;
				ASSETCATALOG_COMPILER_GLOBAL_ACCENT_COLOR_NAME = AccentColor;
				CODE_SIGN_STYLE = Automatic;
				CURRENT_PROJECT_VERSION = 1;
				DEVELOPMENT_ASSET_PATHS = "\"ElegantCalendar/Preview Content\"";
				DEVELOPMENT_TEAM = SRJSV34WBB;
				ENABLE_PREVIEWS = YES;
				GENERATE_INFOPLIST_FILE = YES;
				INFOPLIST_KEY_UIApplicationSceneManifest_Generation = YES;
				INFOPLIST_KEY_UIApplicationSupportsIndirectInputEvents = YES;
				INFOPLIST_KEY_UILaunchScreen_Generation = YES;
				INFOPLIST_KEY_UISupportedInterfaceOrientations_iPad = "UIInterfaceOrientationPortrait UIInterfaceOrientationPortraitUpsideDown UIInterfaceOrientationLandscapeLeft UIInterfaceOrientationLandscapeRight";
				INFOPLIST_KEY_UISupportedInterfaceOrientations_iPhone = "UIInterfaceOrientationPortrait UIInterfaceOrientationLandscapeLeft UIInterfaceOrientationLandscapeRight";
				LD_RUNPATH_SEARCH_PATHS = (
					"$(inherited)",
					"@executable_path/Frameworks",
				);
				MARKETING_VERSION = 1.0;
				PRODUCT_BUNDLE_IDENTIFIER = leeky16498Dev.ElegantCalendar;
				PRODUCT_NAME = "$(TARGET_NAME)";
				SWIFT_EMIT_LOC_STRINGS = YES;
				SWIFT_VERSION = 5.0;
				TARGETED_DEVICE_FAMILY = "1,2";
			};
			name = Debug;
		};
		7981E55427CF1F1F00CA9D36 /* Release */ = {
			isa = XCBuildConfiguration;
			buildSettings = {
				ASSETCATALOG_COMPILER_APPICON_NAME = AppIcon;
				ASSETCATALOG_COMPILER_GLOBAL_ACCENT_COLOR_NAME = AccentColor;
				CODE_SIGN_STYLE = Automatic;
				CURRENT_PROJECT_VERSION = 1;
				DEVELOPMENT_ASSET_PATHS = "\"ElegantCalendar/Preview Content\"";
				DEVELOPMENT_TEAM = SRJSV34WBB;
				ENABLE_PREVIEWS = YES;
				GENERATE_INFOPLIST_FILE = YES;
				INFOPLIST_KEY_UIApplicationSceneManifest_Generation = YES;
				INFOPLIST_KEY_UIApplicationSupportsIndirectInputEvents = YES;
				INFOPLIST_KEY_UILaunchScreen_Generation = YES;
				INFOPLIST_KEY_UISupportedInterfaceOrientations_iPad = "UIInterfaceOrientationPortrait UIInterfaceOrientationPortraitUpsideDown UIInterfaceOrientationLandscapeLeft UIInterfaceOrientationLandscapeRight";
				INFOPLIST_KEY_UISupportedInterfaceOrientations_iPhone = "UIInterfaceOrientationPortrait UIInterfaceOrientationLandscapeLeft UIInterfaceOrientationLandscapeRight";
				LD_RUNPATH_SEARCH_PATHS = (
					"$(inherited)",
					"@executable_path/Frameworks",
				);
				MARKETING_VERSION = 1.0;
				PRODUCT_BUNDLE_IDENTIFIER = leeky16498Dev.ElegantCalendar;
				PRODUCT_NAME = "$(TARGET_NAME)";
				SWIFT_EMIT_LOC_STRINGS = YES;
				SWIFT_VERSION = 5.0;
				TARGETED_DEVICE_FAMILY = "1,2";
			};
			name = Release;
		};
/* End XCBuildConfiguration section */

/* Begin XCConfigurationList section */
		7981E53F27CF1F1E00CA9D36 /* Build configuration list for PBXProject "ElegantCalendar" */ = {
			isa = XCConfigurationList;
			buildConfigurations = (
				7981E55027CF1F1F00CA9D36 /* Debug */,
				7981E55127CF1F1F00CA9D36 /* Release */,
			);
			defaultConfigurationIsVisible = 0;
			defaultConfigurationName = Release;
		};
		7981E55227CF1F1F00CA9D36 /* Build configuration list for PBXNativeTarget "ElegantCalendar" */ = {
			isa = XCConfigurationList;
			buildConfigurations = (
				7981E55327CF1F1F00CA9D36 /* Debug */,
				7981E55427CF1F1F00CA9D36 /* Release */,
			);
			defaultConfigurationIsVisible = 0;
			defaultConfigurationName = Release;
		};
/* End XCConfigurationList section */
	};
	rootObject = 7981E53C27CF1F1E00CA9D36 /* Project object */;
}
